// !$*UTF8*$!
{
	archiveVersion = 1;
	classes = {
	};
	objectVersion = 55;
	objects = {

/* Begin PBXBuildFile section */
		D8335D4A27C62A5B002998D2 /* DetailRecepis.swift in Sources */ = {isa = PBXBuildFile; fileRef = D8335D4927C62A5A002998D2 /* DetailRecepis.swift */; };
		D845613627C5FD34007CD9CE /* RecepisController.swift in Sources */ = {isa = PBXBuildFile; fileRef = D845613527C5FD34007CD9CE /* RecepisController.swift */; };
		D8634C0127C1472D00DC2E2A /* Tableview.swift in Sources */ = {isa = PBXBuildFile; fileRef = D8634C0027C1472D00DC2E2A /* Tableview.swift */; };
		D86D471627C6138C00EE85DD /* RecepisCell.swift in Sources */ = {isa = PBXBuildFile; fileRef = D86D471527C6138C00EE85DD /* RecepisCell.swift */; };
		D8A46EF0279879B20074E62E /* AppDelegate.swift in Sources */ = {isa = PBXBuildFile; fileRef = D8A46EEF279879B20074E62E /* AppDelegate.swift */; };
		D8A46EF2279879B20074E62E /* SceneDelegate.swift in Sources */ = {isa = PBXBuildFile; fileRef = D8A46EF1279879B20074E62E /* SceneDelegate.swift */; };
		D8A46EF4279879B20074E62E /* ViewController.swift in Sources */ = {isa = PBXBuildFile; fileRef = D8A46EF3279879B20074E62E /* ViewController.swift */; };
		D8A46EF7279879B20074E62E /* Main.storyboard in Resources */ = {isa = PBXBuildFile; fileRef = D8A46EF5279879B20074E62E /* Main.storyboard */; };
		D8A46EFA279879B20074E62E /* Waznah.xcdatamodeld in Sources */ = {isa = PBXBuildFile; fileRef = D8A46EF8279879B20074E62E /* Waznah.xcdatamodeld */; };
		D8A46EFC279879B80074E62E /* Assets.xcassets in Resources */ = {isa = PBXBuildFile; fileRef = D8A46EFB279879B80074E62E /* Assets.xcassets */; };
		D8A46EFF279879B80074E62E /* LaunchScreen.storyboard in Resources */ = {isa = PBXBuildFile; fileRef = D8A46EFD279879B80074E62E /* LaunchScreen.storyboard */; };
/* End PBXBuildFile section */

/* Begin PBXFileReference section */
		D8335D4927C62A5A002998D2 /* DetailRecepis.swift */ = {isa = PBXFileReference; lastKnownFileType = sourcecode.swift; path = DetailRecepis.swift; sourceTree = "<group>"; };
		D845613527C5FD34007CD9CE /* RecepisController.swift */ = {isa = PBXFileReference; lastKnownFileType = sourcecode.swift; path = RecepisController.swift; sourceTree = "<group>"; };
		D8634C0027C1472D00DC2E2A /* Tableview.swift */ = {isa = PBXFileReference; lastKnownFileType = sourcecode.swift; path = Tableview.swift; sourceTree = "<group>"; };
		D86D471527C6138C00EE85DD /* RecepisCell.swift */ = {isa = PBXFileReference; lastKnownFileType = sourcecode.swift; path = RecepisCell.swift; sourceTree = "<group>"; };
		D8A46EEC279879B20074E62E /* Waznah.app */ = {isa = PBXFileReference; explicitFileType = wrapper.application; includeInIndex = 0; path = Waznah.app; sourceTree = BUILT_PRODUCTS_DIR; };
		D8A46EEF279879B20074E62E /* AppDelegate.swift */ = {isa = PBXFileReference; lastKnownFileType = sourcecode.swift; path = AppDelegate.swift; sourceTree = "<group>"; };
		D8A46EF1279879B20074E62E /* SceneDelegate.swift */ = {isa = PBXFileReference; lastKnownFileType = sourcecode.swift; path = SceneDelegate.swift; sourceTree = "<group>"; };
		D8A46EF3279879B20074E62E /* ViewController.swift */ = {isa = PBXFileReference; lastKnownFileType = sourcecode.swift; path = ViewController.swift; sourceTree = "<group>"; };
		D8A46EF6279879B20074E62E /* Base */ = {isa = PBXFileReference; lastKnownFileType = file.storyboard; name = Base; path = Base.lproj/Main.storyboard; sourceTree = "<group>"; };
		D8A46EF9279879B20074E62E /* Waznah.xcdatamodel */ = {isa = PBXFileReference; lastKnownFileType = wrapper.xcdatamodel; path = Waznah.xcdatamodel; sourceTree = "<group>"; };
		D8A46EFB279879B80074E62E /* Assets.xcassets */ = {isa = PBXFileReference; lastKnownFileType = folder.assetcatalog; path = Assets.xcassets; sourceTree = "<group>"; };
		D8A46EFE279879B80074E62E /* Base */ = {isa = PBXFileReference; lastKnownFileType = file.storyboard; name = Base; path = Base.lproj/LaunchScreen.storyboard; sourceTree = "<group>"; };
		D8A46F00279879B80074E62E /* Info.plist */ = {isa = PBXFileReference; lastKnownFileType = text.plist.xml; path = Info.plist; sourceTree = "<group>"; };
		D8E98CE227B72013008DF014 /* Waznah.entitlements */ = {isa = PBXFileReference; lastKnownFileType = text.plist.entitlements; path = Waznah.entitlements; sourceTree = "<group>"; };
/* End PBXFileReference section */

/* Begin PBXFrameworksBuildPhase section */
		D8A46EE9279879B10074E62E /* Frameworks */ = {
			isa = PBXFrameworksBuildPhase;
			buildActionMask = 2147483647;
			files = (
			);
			runOnlyForDeploymentPostprocessing = 0;
		};
/* End PBXFrameworksBuildPhase section */

/* Begin PBXGroup section */
		D8A46EE3279879B10074E62E = {
			isa = PBXGroup;
			children = (
				D8A46EEE279879B20074E62E /* Waznah */,
				D8A46EED279879B20074E62E /* Products */,
			);
			sourceTree = "<group>";
		};
		D8A46EED279879B20074E62E /* Products */ = {
			isa = PBXGroup;
			children = (
				D8A46EEC279879B20074E62E /* Waznah.app */,
			);
			name = Products;
			sourceTree = "<group>";
		};
		D8A46EEE279879B20074E62E /* Waznah */ = {
			isa = PBXGroup;
			children = (
				D8E98CE227B72013008DF014 /* Waznah.entitlements */,
				D8A46EEF279879B20074E62E /* AppDelegate.swift */,
				D8A46EF1279879B20074E62E /* SceneDelegate.swift */,
				D8A46EF3279879B20074E62E /* ViewController.swift */,
				D8A46EF5279879B20074E62E /* Main.storyboard */,
				D8A46EFB279879B80074E62E /* Assets.xcassets */,
				D8A46EFD279879B80074E62E /* LaunchScreen.storyboard */,
				D8A46F00279879B80074E62E /* Info.plist */,
				D8A46EF8279879B20074E62E /* Waznah.xcdatamodeld */,
				D8634C0027C1472D00DC2E2A /* Tableview.swift */,
				D845613527C5FD34007CD9CE /* RecepisController.swift */,
				D86D471527C6138C00EE85DD /* RecepisCell.swift */,
				D8335D4927C62A5A002998D2 /* DetailRecepis.swift */,
			);
			path = Waznah;
			sourceTree = "<group>";
		};
/* End PBXGroup section */

/* Begin PBXNativeTarget section */
		D8A46EEB279879B10074E62E /* Waznah */ = {
			isa = PBXNativeTarget;
			buildConfigurationList = D8A46F03279879B80074E62E /* Build configuration list for PBXNativeTarget "Waznah" */;
			buildPhases = (
				D8A46EE8279879B10074E62E /* Sources */,
				D8A46EE9279879B10074E62E /* Frameworks */,
				D8A46EEA279879B10074E62E /* Resources */,
			);
			buildRules = (
			);
			dependencies = (
			);
			name = Waznah;
			productName = Waznah;
			productReference = D8A46EEC279879B20074E62E /* Waznah.app */;
			productType = "com.apple.product-type.application";
		};
/* End PBXNativeTarget section */

/* Begin PBXProject section */
		D8A46EE4279879B10074E62E /* Project object */ = {
			isa = PBXProject;
			attributes = {
				BuildIndependentTargetsInParallel = 1;
				LastSwiftUpdateCheck = 1320;
				LastUpgradeCheck = 1320;
				TargetAttributes = {
					D8A46EEB279879B10074E62E = {
						CreatedOnToolsVersion = 13.2.1;
					};
				};
			};
			buildConfigurationList = D8A46EE7279879B10074E62E /* Build configuration list for PBXProject "Waznah" */;
			compatibilityVersion = "Xcode 13.0";
			developmentRegion = en;
			hasScannedForEncodings = 0;
			knownRegions = (
				en,
				Base,
			);
			mainGroup = D8A46EE3279879B10074E62E;
			productRefGroup = D8A46EED279879B20074E62E /* Products */;
			projectDirPath = "";
			projectRoot = "";
			targets = (
				D8A46EEB279879B10074E62E /* Waznah */,
			);
		};
/* End PBXProject section */

/* Begin PBXResourcesBuildPhase section */
		D8A46EEA279879B10074E62E /* Resources */ = {
			isa = PBXResourcesBuildPhase;
			buildActionMask = 2147483647;
			files = (
				D8A46EFF279879B80074E62E /* LaunchScreen.storyboard in Resources */,
				D8A46EFC279879B80074E62E /* Assets.xcassets in Resources */,
				D8A46EF7279879B20074E62E /* Main.storyboard in Resources */,
			);
			runOnlyForDeploymentPostprocessing = 0;
		};
/* End PBXResourcesBuildPhase section */

/* Begin PBXSourcesBuildPhase section */
		D8A46EE8279879B10074E62E /* Sources */ = {
			isa = PBXSourcesBuildPhase;
			buildActionMask = 2147483647;
			files = (
				D8A46EFA279879B20074E62E /* Waznah.xcdatamodeld in Sources */,
				D845613627C5FD34007CD9CE /* RecepisController.swift in Sources */,
				D8A46EF4279879B20074E62E /* ViewController.swift in Sources */,
				D8A46EF0279879B20074E62E /* AppDelegate.swift in Sources */,
				D8335D4A27C62A5B002998D2 /* DetailRecepis.swift in Sources */,
				D8A46EF2279879B20074E62E /* SceneDelegate.swift in Sources */,
				D8634C0127C1472D00DC2E2A /* Tableview.swift in Sources */,
				D86D471627C6138C00EE85DD /* RecepisCell.swift in Sources */,
			);
			runOnlyForDeploymentPostprocessing = 0;
		};
/* End PBXSourcesBuildPhase section */

/* Begin PBXVariantGroup section */
		D8A46EF5279879B20074E62E /* Main.storyboard */ = {
			isa = PBXVariantGroup;
			children = (
				D8A46EF6279879B20074E62E /* Base */,
			);
			name = Main.storyboard;
			sourceTree = "<group>";
		};
		D8A46EFD279879B80074E62E /* LaunchScreen.storyboard */ = {
			isa = PBXVariantGroup;
			children = (
				D8A46EFE279879B80074E62E /* Base */,
			);
			name = LaunchScreen.storyboard;
			sourceTree = "<group>";
		};
/* End PBXVariantGroup section */

/* Begin XCBuildConfiguration section */
		D8A46F01279879B80074E62E /* Debug */ = {
			isa = XCBuildConfiguration;
			buildSettings = {
				ALWAYS_SEARCH_USER_PATHS = NO;
				CLANG_ANALYZER_NONNULL = YES;
				CLANG_ANALYZER_NUMBER_OBJECT_CONVERSION = YES_AGGRESSIVE;
				CLANG_CXX_LANGUAGE_STANDARD = "gnu++17";
				CLANG_CXX_LIBRARY = "libc++";
				CLANG_ENABLE_MODULES = YES;
				CLANG_ENABLE_OBJC_ARC = YES;
				CLANG_ENABLE_OBJC_WEAK = YES;
				CLANG_WARN_BLOCK_CAPTURE_AUTORELEASING = YES;
				CLANG_WARN_BOOL_CONVERSION = YES;
				CLANG_WARN_COMMA = YES;
				CLANG_WARN_CONSTANT_CONVERSION = YES;
				CLANG_WARN_DEPRECATED_OBJC_IMPLEMENTATIONS = YES;
				CLANG_WARN_DIRECT_OBJC_ISA_USAGE = YES_ERROR;
				CLANG_WARN_DOCUMENTATION_COMMENTS = YES;
				CLANG_WARN_EMPTY_BODY = YES;
				CLANG_WARN_ENUM_CONVERSION = YES;
				CLANG_WARN_INFINITE_RECURSION = YES;
				CLANG_WARN_INT_CONVERSION = YES;
				CLANG_WARN_NON_LITERAL_NULL_CONVERSION = YES;
				CLANG_WARN_OBJC_IMPLICIT_RETAIN_SELF = YES;
				CLANG_WARN_OBJC_LITERAL_CONVERSION = YES;
				CLANG_WARN_OBJC_ROOT_CLASS = YES_ERROR;
				CLANG_WARN_QUOTED_INCLUDE_IN_FRAMEWORK_HEADER = YES;
				CLANG_WARN_RANGE_LOOP_ANALYSIS = YES;
				CLANG_WARN_STRICT_PROTOTYPES = YES;
				CLANG_WARN_SUSPICIOUS_MOVE = YES;
				CLANG_WARN_UNGUARDED_AVAILABILITY = YES_AGGRESSIVE;
				CLANG_WARN_UNREACHABLE_CODE = YES;
				CLANG_WARN__DUPLICATE_METHOD_MATCH = YES;
				COPY_PHASE_STRIP = NO;
				DEBUG_INFORMATION_FORMAT = dwarf;
				ENABLE_STRICT_OBJC_MSGSEND = YES;
				ENABLE_TESTABILITY = YES;
				GCC_C_LANGUAGE_STANDARD = gnu11;
				GCC_DYNAMIC_NO_PIC = NO;
				GCC_NO_COMMON_BLOCKS = YES;
				GCC_OPTIMIZATION_LEVEL = 0;
				GCC_PREPROCESSOR_DEFINITIONS = (
					"DEBUG=1",
					"$(inherited)",
				);
				GCC_WARN_64_TO_32_BIT_CONVERSION = YES;
				GCC_WARN_ABOUT_RETURN_TYPE = YES_ERROR;
				GCC_WARN_UNDECLARED_SELECTOR = YES;
				GCC_WARN_UNINITIALIZED_AUTOS = YES_AGGRESSIVE;
				GCC_WARN_UNUSED_FUNCTION = YES;
				GCC_WARN_UNUSED_VARIABLE = YES;
				IPHONEOS_DEPLOYMENT_TARGET = 14.0;
				MTL_ENABLE_DEBUG_INFO = INCLUDE_SOURCE;
				MTL_FAST_MATH = YES;
				ONLY_ACTIVE_ARCH = YES;
				SDKROOT = iphoneos;
				SWIFT_ACTIVE_COMPILATION_CONDITIONS = DEBUG;
				SWIFT_OPTIMIZATION_LEVEL = "-Onone";
			};
			name = Debug;
		};
		D8A46F02279879B80074E62E /* Release */ = {
			isa = XCBuildConfiguration;
			buildSettings = {
				ALWAYS_SEARCH_USER_PATHS = NO;
				CLANG_ANALYZER_NONNULL = YES;
				CLANG_ANALYZER_NUMBER_OBJECT_CONVERSION = YES_AGGRESSIVE;
				CLANG_CXX_LANGUAGE_STANDARD = "gnu++17";
				CLANG_CXX_LIBRARY = "libc++";
				CLANG_ENABLE_MODULES = YES;
				CLANG_ENABLE_OBJC_ARC = YES;
				CLANG_ENABLE_OBJC_WEAK = YES;
				CLANG_WARN_BLOCK_CAPTURE_AUTORELEASING = YES;
				CLANG_WARN_BOOL_CONVERSION = YES;
				CLANG_WARN_COMMA = YES;
				CLANG_WARN_CONSTANT_CONVERSION = YES;
				CLANG_WARN_DEPRECATED_OBJC_IMPLEMENTATIONS = YES;
				CLANG_WARN_DIRECT_OBJC_ISA_USAGE = YES_ERROR;
				CLANG_WARN_DOCUMENTATION_COMMENTS = YES;
				CLANG_WARN_EMPTY_BODY = YES;
				CLANG_WARN_ENUM_CONVERSION = YES;
				CLANG_WARN_INFINITE_RECURSION = YES;
				CLANG_WARN_INT_CONVERSION = YES;
				CLANG_WARN_NON_LITERAL_NULL_CONVERSION = YES;
				CLANG_WARN_OBJC_IMPLICIT_RETAIN_SELF = YES;
				CLANG_WARN_OBJC_LITERAL_CONVERSION = YES;
				CLANG_WARN_OBJC_ROOT_CLASS = YES_ERROR;
				CLANG_WARN_QUOTED_INCLUDE_IN_FRAMEWORK_HEADER = YES;
				CLANG_WARN_RANGE_LOOP_ANALYSIS = YES;
				CLANG_WARN_STRICT_PROTOTYPES = YES;
				CLANG_WARN_SUSPICIOUS_MOVE = YES;
				CLANG_WARN_UNGUARDED_AVAILABILITY = YES_AGGRESSIVE;
				CLANG_WARN_UNREACHABLE_CODE = YES;
				CLANG_WARN__DUPLICATE_METHOD_MATCH = YES;
				COPY_PHASE_STRIP = NO;
				DEBUG_INFORMATION_FORMAT = "dwarf-with-dsym";
				ENABLE_NS_ASSERTIONS = NO;
				ENABLE_STRICT_OBJC_MSGSEND = YES;
				GCC_C_LANGUAGE_STANDARD = gnu11;
				GCC_NO_COMMON_BLOCKS = YES;
				GCC_WARN_64_TO_32_BIT_CONVERSION = YES;
				GCC_WARN_ABOUT_RETURN_TYPE = YES_ERROR;
				GCC_WARN_UNDECLARED_SELECTOR = YES;
				GCC_WARN_UNINITIALIZED_AUTOS = YES_AGGRESSIVE;
				GCC_WARN_UNUSED_FUNCTION = YES;
				GCC_WARN_UNUSED_VARIABLE = YES;
				IPHONEOS_DEPLOYMENT_TARGET = 14.0;
				MTL_ENABLE_DEBUG_INFO = NO;
				MTL_FAST_MATH = YES;
				SDKROOT = iphoneos;
				SWIFT_COMPILATION_MODE = wholemodule;
				SWIFT_OPTIMIZATION_LEVEL = "-O";
				VALIDATE_PRODUCT = YES;
			};
			name = Release;
		};
		D8A46F04279879B80074E62E /* Debug */ = {
			isa = XCBuildConfiguration;
			buildSettings = {
				ASSETCATALOG_COMPILER_APPICON_NAME = AppIcon;
				ASSETCATALOG_COMPILER_GLOBAL_ACCENT_COLOR_NAME = AccentColor;
				CODE_SIGN_ENTITLEMENTS = Waznah/Waznah.entitlements;
				CODE_SIGN_STYLE = Automatic;
				CURRENT_PROJECT_VERSION = 1;
				DEVELOPMENT_TEAM = NQUCPJVZ5U;
				GENERATE_INFOPLIST_FILE = YES;
				INFOPLIST_FILE = Waznah/Info.plist;
				INFOPLIST_KEY_UIApplicationSupportsIndirectInputEvents = YES;
				INFOPLIST_KEY_UILaunchStoryboardName = LaunchScreen;
				INFOPLIST_KEY_UIMainStoryboardFile = Main;
				INFOPLIST_KEY_UISupportedInterfaceOrientations = UIInterfaceOrientationPortrait;
				INFOPLIST_KEY_UISupportedInterfaceOrientations_iPad = "UIInterfaceOrientationPortrait UIInterfaceOrientationPortraitUpsideDown UIInterfaceOrientationLandscapeLeft UIInterfaceOrientationLandscapeRight";
				INFOPLIST_KEY_UISupportedInterfaceOrientations_iPhone = UIInterfaceOrientationPortrait;
				LD_RUNPATH_SEARCH_PATHS = (
					"$(inherited)",
					"@executable_path/Frameworks",
				);
				MARKETING_VERSION = 1.1;
				PRODUCT_BUNDLE_IDENTIFIER = com.AnasHamad.Waznah;
				PRODUCT_NAME = "$(TARGET_NAME)";
				SWIFT_EMIT_LOC_STRINGS = YES;
				SWIFT_VERSION = 5.0;
				TARGETED_DEVICE_FAMILY = 1;
			};
			name = Debug;
		};
		D8A46F05279879B80074E62E /* Release */ = {
			isa = XCBuildConfiguration;
			buildSettings = {
				ASSETCATALOG_COMPILER_APPICON_NAME = AppIcon;
				ASSETCATALOG_COMPILER_GLOBAL_ACCENT_COLOR_NAME = AccentColor;
				CODE_SIGN_ENTITLEMENTS = Waznah/Waznah.entitlements;
				CODE_SIGN_STYLE = Automatic;
				CURRENT_PROJECT_VERSION = 1;
				DEVELOPMENT_TEAM = NQUCPJVZ5U;
				GENERATE_INFOPLIST_FILE = YES;
				INFOPLIST_FILE = Waznah/Info.plist;
				INFOPLIST_KEY_UIApplicationSupportsIndirectInputEvents = YES;
				INFOPLIST_KEY_UILaunchStoryboardName = LaunchScreen;
				INFOPLIST_KEY_UIMainStoryboardFile = Main;
				INFOPLIST_KEY_UISupportedInterfaceOrientations = UIInterfaceOrientationPortrait;
				INFOPLIST_KEY_UISupportedInterfaceOrientations_iPad = "UIInterfaceOrientationPortrait UIInterfaceOrientationPortraitUpsideDown UIInterfaceOrientationLandscapeLeft UIInterfaceOrientationLandscapeRight";
				INFOPLIST_KEY_UISupportedInterfaceOrientations_iPhone = UIInterfaceOrientationPortrait;
				LD_RUNPATH_SEARCH_PATHS = (
					"$(inherited)",
					"@executable_path/Frameworks",
				);
				MARKETING_VERSION = 1.1;
				PRODUCT_BUNDLE_IDENTIFIER = com.AnasHamad.Waznah;
				PRODUCT_NAME = "$(TARGET_NAME)";
				SWIFT_EMIT_LOC_STRINGS = YES;
				SWIFT_VERSION = 5.0;
				TARGETED_DEVICE_FAMILY = 1;
			};
			name = Release;
		};
/* End XCBuildConfiguration section */

/* Begin XCConfigurationList section */
		D8A46EE7279879B10074E62E /* Build configuration list for PBXProject "Waznah" */ = {
			isa = XCConfigurationList;
			buildConfigurations = (
				D8A46F01279879B80074E62E /* Debug */,
				D8A46F02279879B80074E62E /* Release */,
			);
			defaultConfigurationIsVisible = 0;
			defaultConfigurationName = Release;
		};
		D8A46F03279879B80074E62E /* Build configuration list for PBXNativeTarget "Waznah" */ = {
			isa = XCConfigurationList;
			buildConfigurations = (
				D8A46F04279879B80074E62E /* Debug */,
				D8A46F05279879B80074E62E /* Release */,
			);
			defaultConfigurationIsVisible = 0;
			defaultConfigurationName = Release;
		};
/* End XCConfigurationList section */

/* Begin XCVersionGroup section */
		D8A46EF8279879B20074E62E /* Waznah.xcdatamodeld */ = {
			isa = XCVersionGroup;
			children = (
				D8A46EF9279879B20074E62E /* Waznah.xcdatamodel */,
			);
			currentVersion = D8A46EF9279879B20074E62E /* Waznah.xcdatamodel */;
			path = Waznah.xcdatamodeld;
			sourceTree = "<group>";
			versionGroupType = wrapper.xcdatamodel;
		};
/* End XCVersionGroup section */
	};
	rootObject = D8A46EE4279879B10074E62E /* Project object */;
}
